// !$*UTF8*$!
{
	archiveVersion = 1;
	classes = {
	};
	objectVersion = 50;
	objects = {

/* Begin PBXBuildFile section */
		2631C76025BA78740045DB6D /* AppDelegate.m in Sources */ = {isa = PBXBuildFile; fileRef = 2631C75F25BA78740045DB6D /* AppDelegate.m */; };
		2631C76325BA78740045DB6D /* SceneDelegate.m in Sources */ = {isa = PBXBuildFile; fileRef = 2631C76225BA78740045DB6D /* SceneDelegate.m */; };
		2631C76625BA78740045DB6D /* ViewController.m in Sources */ = {isa = PBXBuildFile; fileRef = 2631C76525BA78740045DB6D /* ViewController.m */; };
		2631C76925BA78740045DB6D /* Main.storyboard in Resources */ = {isa = PBXBuildFile; fileRef = 2631C76725BA78740045DB6D /* Main.storyboard */; };
		2631C76B25BA78770045DB6D /* Assets.xcassets in Resources */ = {isa = PBXBuildFile; fileRef = 2631C76A25BA78770045DB6D /* Assets.xcassets */; };
		2631C76E25BA78770045DB6D /* LaunchScreen.storyboard in Resources */ = {isa = PBXBuildFile; fileRef = 2631C76C25BA78770045DB6D /* LaunchScreen.storyboard */; };
		2631C77125BA78770045DB6D /* main.m in Sources */ = {isa = PBXBuildFile; fileRef = 2631C77025BA78770045DB6D /* main.m */; };
		2631C77B25BA78770045DB6D /* FBYAlipayTests.m in Sources */ = {isa = PBXBuildFile; fileRef = 2631C77A25BA78770045DB6D /* FBYAlipayTests.m */; };
		2631C78625BA78770045DB6D /* FBYAlipayUITests.m in Sources */ = {isa = PBXBuildFile; fileRef = 2631C78525BA78770045DB6D /* FBYAlipayUITests.m */; };
		2631C79825BA7A2F0045DB6D /* AlipaySDK.bundle in Resources */ = {isa = PBXBuildFile; fileRef = 2631C79725BA7A2F0045DB6D /* AlipaySDK.bundle */; };
		2631C7A125BA7A360045DB6D /* openssl_wrapper.m in Sources */ = {isa = PBXBuildFile; fileRef = 2631C79D25BA7A360045DB6D /* openssl_wrapper.m */; };
		2631C7A225BA7A360045DB6D /* APRSASigner.m in Sources */ = {isa = PBXBuildFile; fileRef = 2631C7A025BA7A360045DB6D /* APRSASigner.m */; };
		2631C7A825BA7A680045DB6D /* libc++.tbd in Frameworks */ = {isa = PBXBuildFile; fileRef = 2631C7A725BA7A680045DB6D /* libc++.tbd */; };
		2631C7AD25BA7A750045DB6D /* libz.tbd in Frameworks */ = {isa = PBXBuildFile; fileRef = 2631C7AC25BA7A750045DB6D /* libz.tbd */; };
		2631C7B225BA7A7D0045DB6D /* SystemConfiguration.framework in Frameworks */ = {isa = PBXBuildFile; fileRef = 2631C7B125BA7A7D0045DB6D /* SystemConfiguration.framework */; };
		2631C7B425BA7A880045DB6D /* CoreTelephony.framework in Frameworks */ = {isa = PBXBuildFile; fileRef = 2631C7B325BA7A880045DB6D /* CoreTelephony.framework */; };
		2631C7B625BA7A900045DB6D /* QuartzCore.framework in Frameworks */ = {isa = PBXBuildFile; fileRef = 2631C7B525BA7A900045DB6D /* QuartzCore.framework */; };
		2631C7B825BA7A9E0045DB6D /* CoreText.framework in Frameworks */ = {isa = PBXBuildFile; fileRef = 2631C7B725BA7A9E0045DB6D /* CoreText.framework */; };
		2631C7BA25BA7AA80045DB6D /* CoreGraphics.framework in Frameworks */ = {isa = PBXBuildFile; fileRef = 2631C7B925BA7AA80045DB6D /* CoreGraphics.framework */; };
		2631C7BC25BA7AAF0045DB6D /* UIKit.framework in Frameworks */ = {isa = PBXBuildFile; fileRef = 2631C7BB25BA7AAF0045DB6D /* UIKit.framework */; };
		2631C7BE25BA7AC40045DB6D /* Foundation.framework in Frameworks */ = {isa = PBXBuildFile; fileRef = 2631C7BD25BA7AC40045DB6D /* Foundation.framework */; };
		2631C7C025BA7ACB0045DB6D /* CFNetwork.framework in Frameworks */ = {isa = PBXBuildFile; fileRef = 2631C7BF25BA7ACB0045DB6D /* CFNetwork.framework */; };
		2631C7C225BA7AD70045DB6D /* CoreMotion.framework in Frameworks */ = {isa = PBXBuildFile; fileRef = 2631C7C125BA7AD70045DB6D /* CoreMotion.framework */; };
		2631C7C925BA7DDF0045DB6D /* AlipaySDK.framework in Frameworks */ = {isa = PBXBuildFile; fileRef = 2631C7C825BA7DDF0045DB6D /* AlipaySDK.framework */; };
		2631C7CF25BA84290045DB6D /* libcrypto.a in Frameworks */ = {isa = PBXBuildFile; fileRef = 2631C7CD25BA84290045DB6D /* libcrypto.a */; };
		2631C7D025BA84290045DB6D /* libssl.a in Frameworks */ = {isa = PBXBuildFile; fileRef = 2631C7CE25BA84290045DB6D /* libssl.a */; };
		2631C82A25BA864D0045DB6D /* WebKit.framework in Frameworks */ = {isa = PBXBuildFile; fileRef = 2631C82925BA864D0045DB6D /* WebKit.framework */; };
		2631C83325BA8D480045DB6D /* APOrderInfo.m in Sources */ = {isa = PBXBuildFile; fileRef = 2631C83225BA8D480045DB6D /* APOrderInfo.m */; };
/* End PBXBuildFile section */

/* Begin PBXContainerItemProxy section */
		2631C77725BA78770045DB6D /* PBXContainerItemProxy */ = {
			isa = PBXContainerItemProxy;
			containerPortal = 2631C75325BA78740045DB6D /* Project object */;
			proxyType = 1;
			remoteGlobalIDString = 2631C75A25BA78740045DB6D;
			remoteInfo = FBYAlipay;
		};
		2631C78225BA78770045DB6D /* PBXContainerItemProxy */ = {
			isa = PBXContainerItemProxy;
			containerPortal = 2631C75325BA78740045DB6D /* Project object */;
			proxyType = 1;
			remoteGlobalIDString = 2631C75A25BA78740045DB6D;
			remoteInfo = FBYAlipay;
		};
/* End PBXContainerItemProxy section */

/* Begin PBXFileReference section */
		2631C75B25BA78740045DB6D /* FBYAlipay.app */ = {isa = PBXFileReference; explicitFileType = wrapper.application; includeInIndex = 0; path = FBYAlipay.app; sourceTree = BUILT_PRODUCTS_DIR; };
		2631C75E25BA78740045DB6D /* AppDelegate.h */ = {isa = PBXFileReference; lastKnownFileType = sourcecode.c.h; path = AppDelegate.h; sourceTree = "<group>"; };
		2631C75F25BA78740045DB6D /* AppDelegate.m */ = {isa = PBXFileReference; lastKnownFileType = sourcecode.c.objc; path = AppDelegate.m; sourceTree = "<group>"; };
		2631C76125BA78740045DB6D /* SceneDelegate.h */ = {isa = PBXFileReference; lastKnownFileType = sourcecode.c.h; path = SceneDelegate.h; sourceTree = "<group>"; };
		2631C76225BA78740045DB6D /* SceneDelegate.m */ = {isa = PBXFileReference; lastKnownFileType = sourcecode.c.objc; path = SceneDelegate.m; sourceTree = "<group>"; };
		2631C76425BA78740045DB6D /* ViewController.h */ = {isa = PBXFileReference; lastKnownFileType = sourcecode.c.h; path = ViewController.h; sourceTree = "<group>"; };
		2631C76525BA78740045DB6D /* ViewController.m */ = {isa = PBXFileReference; lastKnownFileType = sourcecode.c.objc; path = ViewController.m; sourceTree = "<group>"; };
		2631C76825BA78740045DB6D /* Base */ = {isa = PBXFileReference; lastKnownFileType = file.storyboard; name = Base; path = Base.lproj/Main.storyboard; sourceTree = "<group>"; };
		2631C76A25BA78770045DB6D /* Assets.xcassets */ = {isa = PBXFileReference; lastKnownFileType = folder.assetcatalog; path = Assets.xcassets; sourceTree = "<group>"; };
		2631C76D25BA78770045DB6D /* Base */ = {isa = PBXFileReference; lastKnownFileType = file.storyboard; name = Base; path = Base.lproj/LaunchScreen.storyboard; sourceTree = "<group>"; };
		2631C76F25BA78770045DB6D /* Info.plist */ = {isa = PBXFileReference; lastKnownFileType = text.plist.xml; path = Info.plist; sourceTree = "<group>"; };
		2631C77025BA78770045DB6D /* main.m */ = {isa = PBXFileReference; lastKnownFileType = sourcecode.c.objc; path = main.m; sourceTree = "<group>"; };
		2631C77625BA78770045DB6D /* FBYAlipayTests.xctest */ = {isa = PBXFileReference; explicitFileType = wrapper.cfbundle; includeInIndex = 0; path = FBYAlipayTests.xctest; sourceTree = BUILT_PRODUCTS_DIR; };
		2631C77A25BA78770045DB6D /* FBYAlipayTests.m */ = {isa = PBXFileReference; lastKnownFileType = sourcecode.c.objc; path = FBYAlipayTests.m; sourceTree = "<group>"; };
		2631C77C25BA78770045DB6D /* Info.plist */ = {isa = PBXFileReference; lastKnownFileType = text.plist.xml; path = Info.plist; sourceTree = "<group>"; };
		2631C78125BA78770045DB6D /* FBYAlipayUITests.xctest */ = {isa = PBXFileReference; explicitFileType = wrapper.cfbundle; includeInIndex = 0; path = FBYAlipayUITests.xctest; sourceTree = BUILT_PRODUCTS_DIR; };
		2631C78525BA78770045DB6D /* FBYAlipayUITests.m */ = {isa = PBXFileReference; lastKnownFileType = sourcecode.c.objc; path = FBYAlipayUITests.m; sourceTree = "<group>"; };
		2631C78725BA78770045DB6D /* Info.plist */ = {isa = PBXFileReference; lastKnownFileType = text.plist.xml; path = Info.plist; sourceTree = "<group>"; };
		2631C79725BA7A2F0045DB6D /* AlipaySDK.bundle */ = {isa = PBXFileReference; lastKnownFileType = "wrapper.plug-in"; path = AlipaySDK.bundle; sourceTree = "<group>"; };
		2631C79D25BA7A360045DB6D /* openssl_wrapper.m */ = {isa = PBXFileReference; fileEncoding = 4; lastKnownFileType = sourcecode.c.objc; path = openssl_wrapper.m; sourceTree = "<group>"; };
		2631C79E25BA7A360045DB6D /* APRSASigner.h */ = {isa = PBXFileReference; fileEncoding = 4; lastKnownFileType = sourcecode.c.h; path = APRSASigner.h; sourceTree = "<group>"; };
		2631C79F25BA7A360045DB6D /* openssl_wrapper.h */ = {isa = PBXFileReference; fileEncoding = 4; lastKnownFileType = sourcecode.c.h; path = openssl_wrapper.h; sourceTree = "<group>"; };
		2631C7A025BA7A360045DB6D /* APRSASigner.m */ = {isa = PBXFileReference; fileEncoding = 4; lastKnownFileType = sourcecode.c.objc; path = APRSASigner.m; sourceTree = "<group>"; };
		2631C7A725BA7A680045DB6D /* libc++.tbd */ = {isa = PBXFileReference; lastKnownFileType = "sourcecode.text-based-dylib-definition"; name = "libc++.tbd"; path = "usr/lib/libc++.tbd"; sourceTree = SDKROOT; };
		2631C7AC25BA7A750045DB6D /* libz.tbd */ = {isa = PBXFileReference; lastKnownFileType = "sourcecode.text-based-dylib-definition"; name = libz.tbd; path = usr/lib/libz.tbd; sourceTree = SDKROOT; };
		2631C7B125BA7A7D0045DB6D /* SystemConfiguration.framework */ = {isa = PBXFileReference; lastKnownFileType = wrapper.framework; name = SystemConfiguration.framework; path = System/Library/Frameworks/SystemConfiguration.framework; sourceTree = SDKROOT; };
		2631C7B325BA7A880045DB6D /* CoreTelephony.framework */ = {isa = PBXFileReference; lastKnownFileType = wrapper.framework; name = CoreTelephony.framework; path = System/Library/Frameworks/CoreTelephony.framework; sourceTree = SDKROOT; };
		2631C7B525BA7A900045DB6D /* QuartzCore.framework */ = {isa = PBXFileReference; lastKnownFileType = wrapper.framework; name = QuartzCore.framework; path = System/Library/Frameworks/QuartzCore.framework; sourceTree = SDKROOT; };
		2631C7B725BA7A9E0045DB6D /* CoreText.framework */ = {isa = PBXFileReference; lastKnownFileType = wrapper.framework; name = CoreText.framework; path = System/Library/Frameworks/CoreText.framework; sourceTree = SDKROOT; };
		2631C7B925BA7AA80045DB6D /* CoreGraphics.framework */ = {isa = PBXFileReference; lastKnownFileType = wrapper.framework; name = CoreGraphics.framework; path = System/Library/Frameworks/CoreGraphics.framework; sourceTree = SDKROOT; };
		2631C7BB25BA7AAF0045DB6D /* UIKit.framework */ = {isa = PBXFileReference; lastKnownFileType = wrapper.framework; name = UIKit.framework; path = System/Library/Frameworks/UIKit.framework; sourceTree = SDKROOT; };
		2631C7BD25BA7AC40045DB6D /* Foundation.framework */ = {isa = PBXFileReference; lastKnownFileType = wrapper.framework; name = Foundation.framework; path = System/Library/Frameworks/Foundation.framework; sourceTree = SDKROOT; };
		2631C7BF25BA7ACB0045DB6D /* CFNetwork.framework */ = {isa = PBXFileReference; lastKnownFileType = wrapper.framework; name = CFNetwork.framework; path = System/Library/Frameworks/CFNetwork.framework; sourceTree = SDKROOT; };
		2631C7C125BA7AD70045DB6D /* CoreMotion.framework */ = {isa = PBXFileReference; lastKnownFileType = wrapper.framework; name = CoreMotion.framework; path = System/Library/Frameworks/CoreMotion.framework; sourceTree = SDKROOT; };
		2631C7C825BA7DDF0045DB6D /* AlipaySDK.framework */ = {isa = PBXFileReference; lastKnownFileType = wrapper.framework; path = AlipaySDK.framework; sourceTree = "<group>"; };
		2631C7CD25BA84290045DB6D /* libcrypto.a */ = {isa = PBXFileReference; lastKnownFileType = archive.ar; path = libcrypto.a; sourceTree = "<group>"; };
		2631C7CE25BA84290045DB6D /* libssl.a */ = {isa = PBXFileReference; lastKnownFileType = archive.ar; path = libssl.a; sourceTree = "<group>"; };
		2631C7D525BA84510045DB6D /* pem2.h */ = {isa = PBXFileReference; fileEncoding = 4; lastKnownFileType = sourcecode.c.h; path = pem2.h; sourceTree = "<group>"; };
		2631C7D625BA84510045DB6D /* pem.h */ = {isa = PBXFileReference; fileEncoding = 4; lastKnownFileType = sourcecode.c.h; path = pem.h; sourceTree = "<group>"; };
		2631C7D725BA84510045DB6D /* ssl3.h */ = {isa = PBXFileReference; fileEncoding = 4; lastKnownFileType = sourcecode.c.h; path = ssl3.h; sourceTree = "<group>"; };
		2631C7D825BA84510045DB6D /* ossl_typ.h */ = {isa = PBXFileReference; fileEncoding = 4; lastKnownFileType = sourcecode.c.h; path = ossl_typ.h; sourceTree = "<group>"; };
		2631C7D925BA84510045DB6D /* dtls1.h */ = {isa = PBXFileReference; fileEncoding = 4; lastKnownFileType = sourcecode.c.h; path = dtls1.h; sourceTree = "<group>"; };
		2631C7DA25BA84510045DB6D /* err.h */ = {isa = PBXFileReference; fileEncoding = 4; lastKnownFileType = sourcecode.c.h; path = err.h; sourceTree = "<group>"; };
		2631C7DB25BA84510045DB6D /* bn.h */ = {isa = PBXFileReference; fileEncoding = 4; lastKnownFileType = sourcecode.c.h; path = bn.h; sourceTree = "<group>"; };
		2631C7DC25BA84510045DB6D /* blowfish.h */ = {isa = PBXFileReference; fileEncoding = 4; lastKnownFileType = sourcecode.c.h; path = blowfish.h; sourceTree = "<group>"; };
		2631C7DD25BA84510045DB6D /* cms.h */ = {isa = PBXFileReference; fileEncoding = 4; lastKnownFileType = sourcecode.c.h; path = cms.h; sourceTree = "<group>"; };
		2631C7DE25BA84510045DB6D /* engine.h */ = {isa = PBXFileReference; fileEncoding = 4; lastKnownFileType = sourcecode.c.h; path = engine.h; sourceTree = "<group>"; };
		2631C7DF25BA84510045DB6D /* conf_api.h */ = {isa = PBXFileReference; fileEncoding = 4; lastKnownFileType = sourcecode.c.h; path = conf_api.h; sourceTree = "<group>"; };
		2631C7E025BA84510045DB6D /* x509.h */ = {isa = PBXFileReference; fileEncoding = 4; lastKnownFileType = sourcecode.c.h; path = x509.h; sourceTree = "<group>"; };
		2631C7E125BA84510045DB6D /* asn1_mac.h */ = {isa = PBXFileReference; fileEncoding = 4; lastKnownFileType = sourcecode.c.h; path = asn1_mac.h; sourceTree = "<group>"; };
		2631C7E225BA84510045DB6D /* ui.h */ = {isa = PBXFileReference; fileEncoding = 4; lastKnownFileType = sourcecode.c.h; path = ui.h; sourceTree = "<group>"; };
		2631C7E325BA84510045DB6D /* kssl.h */ = {isa = PBXFileReference; fileEncoding = 4; lastKnownFileType = sourcecode.c.h; path = kssl.h; sourceTree = "<group>"; };
		2631C7E425BA84510045DB6D /* sha.h */ = {isa = PBXFileReference; fileEncoding = 4; lastKnownFileType = sourcecode.c.h; path = sha.h; sourceTree = "<group>"; };
		2631C7E525BA84510045DB6D /* symhacks.h */ = {isa = PBXFileReference; fileEncoding = 4; lastKnownFileType = sourcecode.c.h; path = symhacks.h; sourceTree = "<group>"; };
		2631C7E625BA84510045DB6D /* asn1.h */ = {isa = PBXFileReference; fileEncoding = 4; lastKnownFileType = sourcecode.c.h; path = asn1.h; sourceTree = "<group>"; };
		2631C7E725BA84510045DB6D /* opensslconf.h */ = {isa = PBXFileReference; fileEncoding = 4; lastKnownFileType = sourcecode.c.h; path = opensslconf.h; sourceTree = "<group>"; };
		2631C7E825BA84510045DB6D /* bio.h */ = {isa = PBXFileReference; fileEncoding = 4; lastKnownFileType = sourcecode.c.h; path = bio.h; sourceTree = "<group>"; };
		2631C7E925BA84510045DB6D /* rc2.h */ = {isa = PBXFileReference; fileEncoding = 4; lastKnownFileType = sourcecode.c.h; path = rc2.h; sourceTree = "<group>"; };
		2631C7EA25BA84510045DB6D /* dh.h */ = {isa = PBXFileReference; fileEncoding = 4; lastKnownFileType = sourcecode.c.h; path = dh.h; sourceTree = "<group>"; };
		2631C7EB25BA84510045DB6D /* ui_compat.h */ = {isa = PBXFileReference; fileEncoding = 4; lastKnownFileType = sourcecode.c.h; path = ui_compat.h; sourceTree = "<group>"; };
		2631C7EC25BA84510045DB6D /* x509v3.h */ = {isa = PBXFileReference; fileEncoding = 4; lastKnownFileType = sourcecode.c.h; path = x509v3.h; sourceTree = "<group>"; };
		2631C7ED25BA84510045DB6D /* ssl23.h */ = {isa = PBXFileReference; fileEncoding = 4; lastKnownFileType = sourcecode.c.h; path = ssl23.h; sourceTree = "<group>"; };
		2631C7EE25BA84510045DB6D /* conf.h */ = {isa = PBXFileReference; fileEncoding = 4; lastKnownFileType = sourcecode.c.h; path = conf.h; sourceTree = "<group>"; };
		2631C7EF25BA84510045DB6D /* md5.h */ = {isa = PBXFileReference; fileEncoding = 4; lastKnownFileType = sourcecode.c.h; path = md5.h; sourceTree = "<group>"; };
		2631C7F025BA84510045DB6D /* x509_vfy.h */ = {isa = PBXFileReference; fileEncoding = 4; lastKnownFileType = sourcecode.c.h; path = x509_vfy.h; sourceTree = "<group>"; };
		2631C7F125BA84510045DB6D /* txt_db.h */ = {isa = PBXFileReference; fileEncoding = 4; lastKnownFileType = sourcecode.c.h; path = txt_db.h; sourceTree = "<group>"; };
		2631C7F225BA84510045DB6D /* safestack.h */ = {isa = PBXFileReference; fileEncoding = 4; lastKnownFileType = sourcecode.c.h; path = safestack.h; sourceTree = "<group>"; };
		2631C7F325BA84510045DB6D /* ecdsa.h */ = {isa = PBXFileReference; fileEncoding = 4; lastKnownFileType = sourcecode.c.h; path = ecdsa.h; sourceTree = "<group>"; };
		2631C7F425BA84510045DB6D /* objects.h */ = {isa = PBXFileReference; fileEncoding = 4; lastKnownFileType = sourcecode.c.h; path = objects.h; sourceTree = "<group>"; };
		2631C7F525BA84510045DB6D /* pkcs12.h */ = {isa = PBXFileReference; fileEncoding = 4; lastKnownFileType = sourcecode.c.h; path = pkcs12.h; sourceTree = "<group>"; };
		2631C7F625BA84510045DB6D /* crypto.h */ = {isa = PBXFileReference; fileEncoding = 4; lastKnownFileType = sourcecode.c.h; path = crypto.h; sourceTree = "<group>"; };
		2631C7F725BA84510045DB6D /* opensslv.h */ = {isa = PBXFileReference; fileEncoding = 4; lastKnownFileType = sourcecode.c.h; path = opensslv.h; sourceTree = "<group>"; };
		2631C7F825BA84510045DB6D /* pkcs7.h */ = {isa = PBXFileReference; fileEncoding = 4; lastKnownFileType = sourcecode.c.h; path = pkcs7.h; sourceTree = "<group>"; };
		2631C7F925BA84510045DB6D /* obj_mac.h */ = {isa = PBXFileReference; fileEncoding = 4; lastKnownFileType = sourcecode.c.h; path = obj_mac.h; sourceTree = "<group>"; };
		2631C7FA25BA84510045DB6D /* buffer.h */ = {isa = PBXFileReference; fileEncoding = 4; lastKnownFileType = sourcecode.c.h; path = buffer.h; sourceTree = "<group>"; };
		2631C7FB25BA84510045DB6D /* ssl.h */ = {isa = PBXFileReference; fileEncoding = 4; lastKnownFileType = sourcecode.c.h; path = ssl.h; sourceTree = "<group>"; };
		2631C7FC25BA84510045DB6D /* srp.h */ = {isa = PBXFileReference; fileEncoding = 4; lastKnownFileType = sourcecode.c.h; path = srp.h; sourceTree = "<group>"; };
		2631C7FD25BA84510045DB6D /* camellia.h */ = {isa = PBXFileReference; fileEncoding = 4; lastKnownFileType = sourcecode.c.h; path = camellia.h; sourceTree = "<group>"; };
		2631C7FE25BA84510045DB6D /* evp.h */ = {isa = PBXFileReference; fileEncoding = 4; lastKnownFileType = sourcecode.c.h; path = evp.h; sourceTree = "<group>"; };
		2631C7FF25BA84510045DB6D /* e_os2.h */ = {isa = PBXFileReference; fileEncoding = 4; lastKnownFileType = sourcecode.c.h; path = e_os2.h; sourceTree = "<group>"; };
		2631C80025BA84510045DB6D /* md4.h */ = {isa = PBXFileReference; fileEncoding = 4; lastKnownFileType = sourcecode.c.h; path = md4.h; sourceTree = "<group>"; };
		2631C80125BA84510045DB6D /* hmac.h */ = {isa = PBXFileReference; fileEncoding = 4; lastKnownFileType = sourcecode.c.h; path = hmac.h; sourceTree = "<group>"; };
		2631C80225BA84510045DB6D /* aes.h */ = {isa = PBXFileReference; fileEncoding = 4; lastKnownFileType = sourcecode.c.h; path = aes.h; sourceTree = "<group>"; };
		2631C80325BA84510045DB6D /* comp.h */ = {isa = PBXFileReference; fileEncoding = 4; lastKnownFileType = sourcecode.c.h; path = comp.h; sourceTree = "<group>"; };
		2631C80425BA84510045DB6D /* cast.h */ = {isa = PBXFileReference; fileEncoding = 4; lastKnownFileType = sourcecode.c.h; path = cast.h; sourceTree = "<group>"; };
		2631C80525BA84510045DB6D /* rc4.h */ = {isa = PBXFileReference; fileEncoding = 4; lastKnownFileType = sourcecode.c.h; path = rc4.h; sourceTree = "<group>"; };
		2631C80625BA84510045DB6D /* stack.h */ = {isa = PBXFileReference; fileEncoding = 4; lastKnownFileType = sourcecode.c.h; path = stack.h; sourceTree = "<group>"; };
		2631C80725BA84510045DB6D /* des.h */ = {isa = PBXFileReference; fileEncoding = 4; lastKnownFileType = sourcecode.c.h; path = des.h; sourceTree = "<group>"; };
		2631C80825BA84510045DB6D /* ocsp.h */ = {isa = PBXFileReference; fileEncoding = 4; lastKnownFileType = sourcecode.c.h; path = ocsp.h; sourceTree = "<group>"; };
		2631C80925BA84510045DB6D /* ec.h */ = {isa = PBXFileReference; fileEncoding = 4; lastKnownFileType = sourcecode.c.h; path = ec.h; sourceTree = "<group>"; };
		2631C80A25BA84510045DB6D /* ecdh.h */ = {isa = PBXFileReference; fileEncoding = 4; lastKnownFileType = sourcecode.c.h; path = ecdh.h; sourceTree = "<group>"; };
		2631C80B25BA84510045DB6D /* rand.h */ = {isa = PBXFileReference; fileEncoding = 4; lastKnownFileType = sourcecode.c.h; path = rand.h; sourceTree = "<group>"; };
		2631C80C25BA84510045DB6D /* ts.h */ = {isa = PBXFileReference; fileEncoding = 4; lastKnownFileType = sourcecode.c.h; path = ts.h; sourceTree = "<group>"; };
		2631C80D25BA84510045DB6D /* pqueue.h */ = {isa = PBXFileReference; fileEncoding = 4; lastKnownFileType = sourcecode.c.h; path = pqueue.h; sourceTree = "<group>"; };
		2631C80E25BA84510045DB6D /* dso.h */ = {isa = PBXFileReference; fileEncoding = 4; lastKnownFileType = sourcecode.c.h; path = dso.h; sourceTree = "<group>"; };
		2631C80F25BA84510045DB6D /* seed.h */ = {isa = PBXFileReference; fileEncoding = 4; lastKnownFileType = sourcecode.c.h; path = seed.h; sourceTree = "<group>"; };
		2631C81025BA84510045DB6D /* modes.h */ = {isa = PBXFileReference; fileEncoding = 4; lastKnownFileType = sourcecode.c.h; path = modes.h; sourceTree = "<group>"; };
		2631C81125BA84510045DB6D /* ssl2.h */ = {isa = PBXFileReference; fileEncoding = 4; lastKnownFileType = sourcecode.c.h; path = ssl2.h; sourceTree = "<group>"; };
		2631C81225BA84510045DB6D /* rsa.h */ = {isa = PBXFileReference; fileEncoding = 4; lastKnownFileType = sourcecode.c.h; path = rsa.h; sourceTree = "<group>"; };
		2631C81325BA84510045DB6D /* krb5_asn.h */ = {isa = PBXFileReference; fileEncoding = 4; lastKnownFileType = sourcecode.c.h; path = krb5_asn.h; sourceTree = "<group>"; };
		2631C81425BA84510045DB6D /* des_old.h */ = {isa = PBXFileReference; fileEncoding = 4; lastKnownFileType = sourcecode.c.h; path = des_old.h; sourceTree = "<group>"; };
		2631C81525BA84510045DB6D /* ripemd.h */ = {isa = PBXFileReference; fileEncoding = 4; lastKnownFileType = sourcecode.c.h; path = ripemd.h; sourceTree = "<group>"; };
		2631C81625BA84510045DB6D /* whrlpool.h */ = {isa = PBXFileReference; fileEncoding = 4; lastKnownFileType = sourcecode.c.h; path = whrlpool.h; sourceTree = "<group>"; };
		2631C81725BA84510045DB6D /* tls1.h */ = {isa = PBXFileReference; fileEncoding = 4; lastKnownFileType = sourcecode.c.h; path = tls1.h; sourceTree = "<group>"; };
		2631C81825BA84510045DB6D /* mdc2.h */ = {isa = PBXFileReference; fileEncoding = 4; lastKnownFileType = sourcecode.c.h; path = mdc2.h; sourceTree = "<group>"; };
		2631C81925BA84510045DB6D /* dsa.h */ = {isa = PBXFileReference; fileEncoding = 4; lastKnownFileType = sourcecode.c.h; path = dsa.h; sourceTree = "<group>"; };
		2631C81A25BA84510045DB6D /* srtp.h */ = {isa = PBXFileReference; fileEncoding = 4; lastKnownFileType = sourcecode.c.h; path = srtp.h; sourceTree = "<group>"; };
		2631C81B25BA84510045DB6D /* asn1t.h */ = {isa = PBXFileReference; fileEncoding = 4; lastKnownFileType = sourcecode.c.h; path = asn1t.h; sourceTree = "<group>"; };
		2631C81C25BA84510045DB6D /* cmac.h */ = {isa = PBXFileReference; fileEncoding = 4; lastKnownFileType = sourcecode.c.h; path = cmac.h; sourceTree = "<group>"; };
		2631C81D25BA84510045DB6D /* ebcdic.h */ = {isa = PBXFileReference; fileEncoding = 4; lastKnownFileType = sourcecode.c.h; path = ebcdic.h; sourceTree = "<group>"; };
		2631C81E25BA84510045DB6D /* idea.h */ = {isa = PBXFileReference; fileEncoding = 4; lastKnownFileType = sourcecode.c.h; path = idea.h; sourceTree = "<group>"; };
		2631C81F25BA84510045DB6D /* lhash.h */ = {isa = PBXFileReference; fileEncoding = 4; lastKnownFileType = sourcecode.c.h; path = lhash.h; sourceTree = "<group>"; };
		2631C82925BA864D0045DB6D /* WebKit.framework */ = {isa = PBXFileReference; lastKnownFileType = wrapper.framework; name = WebKit.framework; path = System/Library/Frameworks/WebKit.framework; sourceTree = SDKROOT; };
		2631C83125BA8D480045DB6D /* APOrderInfo.h */ = {isa = PBXFileReference; fileEncoding = 4; lastKnownFileType = sourcecode.c.h; path = APOrderInfo.h; sourceTree = "<group>"; };
		2631C83225BA8D480045DB6D /* APOrderInfo.m */ = {isa = PBXFileReference; fileEncoding = 4; lastKnownFileType = sourcecode.c.objc; path = APOrderInfo.m; sourceTree = "<group>"; };
/* End PBXFileReference section */

/* Begin PBXFrameworksBuildPhase section */
		2631C75825BA78740045DB6D /* Frameworks */ = {
			isa = PBXFrameworksBuildPhase;
			buildActionMask = 2147483647;
			files = (
				2631C82A25BA864D0045DB6D /* WebKit.framework in Frameworks */,
				2631C7C225BA7AD70045DB6D /* CoreMotion.framework in Frameworks */,
				2631C7C025BA7ACB0045DB6D /* CFNetwork.framework in Frameworks */,
				2631C7D025BA84290045DB6D /* libssl.a in Frameworks */,
				2631C7BE25BA7AC40045DB6D /* Foundation.framework in Frameworks */,
				2631C7BC25BA7AAF0045DB6D /* UIKit.framework in Frameworks */,
				2631C7BA25BA7AA80045DB6D /* CoreGraphics.framework in Frameworks */,
				2631C7C925BA7DDF0045DB6D /* AlipaySDK.framework in Frameworks */,
				2631C7B825BA7A9E0045DB6D /* CoreText.framework in Frameworks */,
				2631C7B625BA7A900045DB6D /* QuartzCore.framework in Frameworks */,
				2631C7B425BA7A880045DB6D /* CoreTelephony.framework in Frameworks */,
				2631C7B225BA7A7D0045DB6D /* SystemConfiguration.framework in Frameworks */,
				2631C7CF25BA84290045DB6D /* libcrypto.a in Frameworks */,
				2631C7AD25BA7A750045DB6D /* libz.tbd in Frameworks */,
				2631C7A825BA7A680045DB6D /* libc++.tbd in Frameworks */,
			);
			runOnlyForDeploymentPostprocessing = 0;
		};
		2631C77325BA78770045DB6D /* Frameworks */ = {
			isa = PBXFrameworksBuildPhase;
			buildActionMask = 2147483647;
			files = (
			);
			runOnlyForDeploymentPostprocessing = 0;
		};
		2631C77E25BA78770045DB6D /* Frameworks */ = {
			isa = PBXFrameworksBuildPhase;
			buildActionMask = 2147483647;
			files = (
			);
			runOnlyForDeploymentPostprocessing = 0;
		};
/* End PBXFrameworksBuildPhase section */

/* Begin PBXGroup section */
		2631C75225BA78740045DB6D = {
			isa = PBXGroup;
			children = (
				2631C7CD25BA84290045DB6D /* libcrypto.a */,
				2631C7CE25BA84290045DB6D /* libssl.a */,
				2631C7C825BA7DDF0045DB6D /* AlipaySDK.framework */,
				2631C79725BA7A2F0045DB6D /* AlipaySDK.bundle */,
				2631C75D25BA78740045DB6D /* FBYAlipay */,
				2631C77925BA78770045DB6D /* FBYAlipayTests */,
				2631C78425BA78770045DB6D /* FBYAlipayUITests */,
				2631C75C25BA78740045DB6D /* Products */,
				2631C7A625BA7A680045DB6D /* Frameworks */,
			);
			sourceTree = "<group>";
		};
		2631C75C25BA78740045DB6D /* Products */ = {
			isa = PBXGroup;
			children = (
				2631C75B25BA78740045DB6D /* FBYAlipay.app */,
				2631C77625BA78770045DB6D /* FBYAlipayTests.xctest */,
				2631C78125BA78770045DB6D /* FBYAlipayUITests.xctest */,
			);
			name = Products;
			sourceTree = "<group>";
		};
		2631C75D25BA78740045DB6D /* FBYAlipay */ = {
			isa = PBXGroup;
			children = (
				2631C7D425BA84510045DB6D /* openssl */,
				2631C79C25BA7A360045DB6D /* Utils */,
				2631C75E25BA78740045DB6D /* AppDelegate.h */,
				2631C75F25BA78740045DB6D /* AppDelegate.m */,
				2631C76125BA78740045DB6D /* SceneDelegate.h */,
				2631C76225BA78740045DB6D /* SceneDelegate.m */,
				2631C83125BA8D480045DB6D /* APOrderInfo.h */,
				2631C83225BA8D480045DB6D /* APOrderInfo.m */,
				2631C76425BA78740045DB6D /* ViewController.h */,
				2631C76525BA78740045DB6D /* ViewController.m */,
				2631C76725BA78740045DB6D /* Main.storyboard */,
				2631C76A25BA78770045DB6D /* Assets.xcassets */,
				2631C76C25BA78770045DB6D /* LaunchScreen.storyboard */,
				2631C76F25BA78770045DB6D /* Info.plist */,
				2631C77025BA78770045DB6D /* main.m */,
			);
			path = FBYAlipay;
			sourceTree = "<group>";
		};
		2631C77925BA78770045DB6D /* FBYAlipayTests */ = {
			isa = PBXGroup;
			children = (
				2631C77A25BA78770045DB6D /* FBYAlipayTests.m */,
				2631C77C25BA78770045DB6D /* Info.plist */,
			);
			path = FBYAlipayTests;
			sourceTree = "<group>";
		};
		2631C78425BA78770045DB6D /* FBYAlipayUITests */ = {
			isa = PBXGroup;
			children = (
				2631C78525BA78770045DB6D /* FBYAlipayUITests.m */,
				2631C78725BA78770045DB6D /* Info.plist */,
			);
			path = FBYAlipayUITests;
			sourceTree = "<group>";
		};
		2631C79C25BA7A360045DB6D /* Utils */ = {
			isa = PBXGroup;
			children = (
				2631C79D25BA7A360045DB6D /* openssl_wrapper.m */,
				2631C79E25BA7A360045DB6D /* APRSASigner.h */,
				2631C79F25BA7A360045DB6D /* openssl_wrapper.h */,
				2631C7A025BA7A360045DB6D /* APRSASigner.m */,
			);
			path = Utils;
			sourceTree = "<group>";
		};
		2631C7A625BA7A680045DB6D /* Frameworks */ = {
			isa = PBXGroup;
			children = (
				2631C82925BA864D0045DB6D /* WebKit.framework */,
				2631C7C125BA7AD70045DB6D /* CoreMotion.framework */,
				2631C7BF25BA7ACB0045DB6D /* CFNetwork.framework */,
				2631C7BD25BA7AC40045DB6D /* Foundation.framework */,
				2631C7BB25BA7AAF0045DB6D /* UIKit.framework */,
				2631C7B925BA7AA80045DB6D /* CoreGraphics.framework */,
				2631C7B725BA7A9E0045DB6D /* CoreText.framework */,
				2631C7B525BA7A900045DB6D /* QuartzCore.framework */,
				2631C7B325BA7A880045DB6D /* CoreTelephony.framework */,
				2631C7B125BA7A7D0045DB6D /* SystemConfiguration.framework */,
				2631C7AC25BA7A750045DB6D /* libz.tbd */,
				2631C7A725BA7A680045DB6D /* libc++.tbd */,
			);
			name = Frameworks;
			sourceTree = "<group>";
		};
		2631C7D425BA84510045DB6D /* openssl */ = {
			isa = PBXGroup;
			children = (
				2631C7D525BA84510045DB6D /* pem2.h */,
				2631C7D625BA84510045DB6D /* pem.h */,
				2631C7D725BA84510045DB6D /* ssl3.h */,
				2631C7D825BA84510045DB6D /* ossl_typ.h */,
				2631C7D925BA84510045DB6D /* dtls1.h */,
				2631C7DA25BA84510045DB6D /* err.h */,
				2631C7DB25BA84510045DB6D /* bn.h */,
				2631C7DC25BA84510045DB6D /* blowfish.h */,
				2631C7DD25BA84510045DB6D /* cms.h */,
				2631C7DE25BA84510045DB6D /* engine.h */,
				2631C7DF25BA84510045DB6D /* conf_api.h */,
				2631C7E025BA84510045DB6D /* x509.h */,
				2631C7E125BA84510045DB6D /* asn1_mac.h */,
				2631C7E225BA84510045DB6D /* ui.h */,
				2631C7E325BA84510045DB6D /* kssl.h */,
				2631C7E425BA84510045DB6D /* sha.h */,
				2631C7E525BA84510045DB6D /* symhacks.h */,
				2631C7E625BA84510045DB6D /* asn1.h */,
				2631C7E725BA84510045DB6D /* opensslconf.h */,
				2631C7E825BA84510045DB6D /* bio.h */,
				2631C7E925BA84510045DB6D /* rc2.h */,
				2631C7EA25BA84510045DB6D /* dh.h */,
				2631C7EB25BA84510045DB6D /* ui_compat.h */,
				2631C7EC25BA84510045DB6D /* x509v3.h */,
				2631C7ED25BA84510045DB6D /* ssl23.h */,
				2631C7EE25BA84510045DB6D /* conf.h */,
				2631C7EF25BA84510045DB6D /* md5.h */,
				2631C7F025BA84510045DB6D /* x509_vfy.h */,
				2631C7F125BA84510045DB6D /* txt_db.h */,
				2631C7F225BA84510045DB6D /* safestack.h */,
				2631C7F325BA84510045DB6D /* ecdsa.h */,
				2631C7F425BA84510045DB6D /* objects.h */,
				2631C7F525BA84510045DB6D /* pkcs12.h */,
				2631C7F625BA84510045DB6D /* crypto.h */,
				2631C7F725BA84510045DB6D /* opensslv.h */,
				2631C7F825BA84510045DB6D /* pkcs7.h */,
				2631C7F925BA84510045DB6D /* obj_mac.h */,
				2631C7FA25BA84510045DB6D /* buffer.h */,
				2631C7FB25BA84510045DB6D /* ssl.h */,
				2631C7FC25BA84510045DB6D /* srp.h */,
				2631C7FD25BA84510045DB6D /* camellia.h */,
				2631C7FE25BA84510045DB6D /* evp.h */,
				2631C7FF25BA84510045DB6D /* e_os2.h */,
				2631C80025BA84510045DB6D /* md4.h */,
				2631C80125BA84510045DB6D /* hmac.h */,
				2631C80225BA84510045DB6D /* aes.h */,
				2631C80325BA84510045DB6D /* comp.h */,
				2631C80425BA84510045DB6D /* cast.h */,
				2631C80525BA84510045DB6D /* rc4.h */,
				2631C80625BA84510045DB6D /* stack.h */,
				2631C80725BA84510045DB6D /* des.h */,
				2631C80825BA84510045DB6D /* ocsp.h */,
				2631C80925BA84510045DB6D /* ec.h */,
				2631C80A25BA84510045DB6D /* ecdh.h */,
				2631C80B25BA84510045DB6D /* rand.h */,
				2631C80C25BA84510045DB6D /* ts.h */,
				2631C80D25BA84510045DB6D /* pqueue.h */,
				2631C80E25BA84510045DB6D /* dso.h */,
				2631C80F25BA84510045DB6D /* seed.h */,
				2631C81025BA84510045DB6D /* modes.h */,
				2631C81125BA84510045DB6D /* ssl2.h */,
				2631C81225BA84510045DB6D /* rsa.h */,
				2631C81325BA84510045DB6D /* krb5_asn.h */,
				2631C81425BA84510045DB6D /* des_old.h */,
				2631C81525BA84510045DB6D /* ripemd.h */,
				2631C81625BA84510045DB6D /* whrlpool.h */,
				2631C81725BA84510045DB6D /* tls1.h */,
				2631C81825BA84510045DB6D /* mdc2.h */,
				2631C81925BA84510045DB6D /* dsa.h */,
				2631C81A25BA84510045DB6D /* srtp.h */,
				2631C81B25BA84510045DB6D /* asn1t.h */,
				2631C81C25BA84510045DB6D /* cmac.h */,
				2631C81D25BA84510045DB6D /* ebcdic.h */,
				2631C81E25BA84510045DB6D /* idea.h */,
				2631C81F25BA84510045DB6D /* lhash.h */,
			);
			path = openssl;
			sourceTree = "<group>";
		};
/* End PBXGroup section */

/* Begin PBXNativeTarget section */
		2631C75A25BA78740045DB6D /* FBYAlipay */ = {
			isa = PBXNativeTarget;
			buildConfigurationList = 2631C78A25BA78770045DB6D /* Build configuration list for PBXNativeTarget "FBYAlipay" */;
			buildPhases = (
				2631C75725BA78740045DB6D /* Sources */,
				2631C75825BA78740045DB6D /* Frameworks */,
				2631C75925BA78740045DB6D /* Resources */,
			);
			buildRules = (
			);
			dependencies = (
			);
			name = FBYAlipay;
			productName = FBYAlipay;
			productReference = 2631C75B25BA78740045DB6D /* FBYAlipay.app */;
			productType = "com.apple.product-type.application";
		};
		2631C77525BA78770045DB6D /* FBYAlipayTests */ = {
			isa = PBXNativeTarget;
			buildConfigurationList = 2631C78D25BA78770045DB6D /* Build configuration list for PBXNativeTarget "FBYAlipayTests" */;
			buildPhases = (
				2631C77225BA78770045DB6D /* Sources */,
				2631C77325BA78770045DB6D /* Frameworks */,
				2631C77425BA78770045DB6D /* Resources */,
			);
			buildRules = (
			);
			dependencies = (
				2631C77825BA78770045DB6D /* PBXTargetDependency */,
			);
			name = FBYAlipayTests;
			productName = FBYAlipayTests;
			productReference = 2631C77625BA78770045DB6D /* FBYAlipayTests.xctest */;
			productType = "com.apple.product-type.bundle.unit-test";
		};
		2631C78025BA78770045DB6D /* FBYAlipayUITests */ = {
			isa = PBXNativeTarget;
			buildConfigurationList = 2631C79025BA78770045DB6D /* Build configuration list for PBXNativeTarget "FBYAlipayUITests" */;
			buildPhases = (
				2631C77D25BA78770045DB6D /* Sources */,
				2631C77E25BA78770045DB6D /* Frameworks */,
				2631C77F25BA78770045DB6D /* Resources */,
			);
			buildRules = (
			);
			dependencies = (
				2631C78325BA78770045DB6D /* PBXTargetDependency */,
			);
			name = FBYAlipayUITests;
			productName = FBYAlipayUITests;
			productReference = 2631C78125BA78770045DB6D /* FBYAlipayUITests.xctest */;
			productType = "com.apple.product-type.bundle.ui-testing";
		};
/* End PBXNativeTarget section */

/* Begin PBXProject section */
		2631C75325BA78740045DB6D /* Project object */ = {
			isa = PBXProject;
			attributes = {
				LastUpgradeCheck = 1220;
				TargetAttributes = {
					2631C75A25BA78740045DB6D = {
						CreatedOnToolsVersion = 12.2;
					};
					2631C77525BA78770045DB6D = {
						CreatedOnToolsVersion = 12.2;
						TestTargetID = 2631C75A25BA78740045DB6D;
					};
					2631C78025BA78770045DB6D = {
						CreatedOnToolsVersion = 12.2;
						TestTargetID = 2631C75A25BA78740045DB6D;
					};
				};
			};
			buildConfigurationList = 2631C75625BA78740045DB6D /* Build configuration list for PBXProject "FBYAlipay" */;
			compatibilityVersion = "Xcode 9.3";
			developmentRegion = en;
			hasScannedForEncodings = 0;
			knownRegions = (
				en,
				Base,
			);
			mainGroup = 2631C75225BA78740045DB6D;
			productRefGroup = 2631C75C25BA78740045DB6D /* Products */;
			projectDirPath = "";
			projectRoot = "";
			targets = (
				2631C75A25BA78740045DB6D /* FBYAlipay */,
				2631C77525BA78770045DB6D /* FBYAlipayTests */,
				2631C78025BA78770045DB6D /* FBYAlipayUITests */,
			);
		};
/* End PBXProject section */

/* Begin PBXResourcesBuildPhase section */
		2631C75925BA78740045DB6D /* Resources */ = {
			isa = PBXResourcesBuildPhase;
			buildActionMask = 2147483647;
			files = (
				2631C76E25BA78770045DB6D /* LaunchScreen.storyboard in Resources */,
				2631C76B25BA78770045DB6D /* Assets.xcassets in Resources */,
				2631C79825BA7A2F0045DB6D /* AlipaySDK.bundle in Resources */,
				2631C76925BA78740045DB6D /* Main.storyboard in Resources */,
			);
			runOnlyForDeploymentPostprocessing = 0;
		};
		2631C77425BA78770045DB6D /* Resources */ = {
			isa = PBXResourcesBuildPhase;
			buildActionMask = 2147483647;
			files = (
			);
			runOnlyForDeploymentPostprocessing = 0;
		};
		2631C77F25BA78770045DB6D /* Resources */ = {
			isa = PBXResourcesBuildPhase;
			buildActionMask = 2147483647;
			files = (
			);
			runOnlyForDeploymentPostprocessing = 0;
		};
/* End PBXResourcesBuildPhase section */

/* Begin PBXSourcesBuildPhase section */
		2631C75725BA78740045DB6D /* Sources */ = {
			isa = PBXSourcesBuildPhase;
			buildActionMask = 2147483647;
			files = (
				2631C76625BA78740045DB6D /* ViewController.m in Sources */,
				2631C7A125BA7A360045DB6D /* openssl_wrapper.m in Sources */,
				2631C76025BA78740045DB6D /* AppDelegate.m in Sources */,
				2631C7A225BA7A360045DB6D /* APRSASigner.m in Sources */,
				2631C77125BA78770045DB6D /* main.m in Sources */,
				2631C76325BA78740045DB6D /* SceneDelegate.m in Sources */,
				2631C83325BA8D480045DB6D /* APOrderInfo.m in Sources */,
			);
			runOnlyForDeploymentPostprocessing = 0;
		};
		2631C77225BA78770045DB6D /* Sources */ = {
			isa = PBXSourcesBuildPhase;
			buildActionMask = 2147483647;
			files = (
				2631C77B25BA78770045DB6D /* FBYAlipayTests.m in Sources */,
			);
			runOnlyForDeploymentPostprocessing = 0;
		};
		2631C77D25BA78770045DB6D /* Sources */ = {
			isa = PBXSourcesBuildPhase;
			buildActionMask = 2147483647;
			files = (
				2631C78625BA78770045DB6D /* FBYAlipayUITests.m in Sources */,
			);
			runOnlyForDeploymentPostprocessing = 0;
		};
/* End PBXSourcesBuildPhase section */

/* Begin PBXTargetDependency section */
		2631C77825BA78770045DB6D /* PBXTargetDependency */ = {
			isa = PBXTargetDependency;
			target = 2631C75A25BA78740045DB6D /* FBYAlipay */;
			targetProxy = 2631C77725BA78770045DB6D /* PBXContainerItemProxy */;
		};
		2631C78325BA78770045DB6D /* PBXTargetDependency */ = {
			isa = PBXTargetDependency;
			target = 2631C75A25BA78740045DB6D /* FBYAlipay */;
			targetProxy = 2631C78225BA78770045DB6D /* PBXContainerItemProxy */;
		};
/* End PBXTargetDependency section */

/* Begin PBXVariantGroup section */
		2631C76725BA78740045DB6D /* Main.storyboard */ = {
			isa = PBXVariantGroup;
			children = (
				2631C76825BA78740045DB6D /* Base */,
			);
			name = Main.storyboard;
			sourceTree = "<group>";
		};
		2631C76C25BA78770045DB6D /* LaunchScreen.storyboard */ = {
			isa = PBXVariantGroup;
			children = (
				2631C76D25BA78770045DB6D /* Base */,
			);
			name = LaunchScreen.storyboard;
			sourceTree = "<group>";
		};
/* End PBXVariantGroup section */

/* Begin XCBuildConfiguration section */
		2631C78825BA78770045DB6D /* Debug */ = {
			isa = XCBuildConfiguration;
			buildSettings = {
				ALWAYS_SEARCH_USER_PATHS = NO;
				CLANG_ANALYZER_NONNULL = YES;
				CLANG_ANALYZER_NUMBER_OBJECT_CONVERSION = YES_AGGRESSIVE;
				CLANG_CXX_LANGUAGE_STANDARD = "gnu++14";
				CLANG_CXX_LIBRARY = "libc++";
				CLANG_ENABLE_MODULES = YES;
				CLANG_ENABLE_OBJC_ARC = YES;
				CLANG_ENABLE_OBJC_WEAK = YES;
				CLANG_WARN_BLOCK_CAPTURE_AUTORELEASING = YES;
				CLANG_WARN_BOOL_CONVERSION = YES;
				CLANG_WARN_COMMA = YES;
				CLANG_WARN_CONSTANT_CONVERSION = YES;
				CLANG_WARN_DEPRECATED_OBJC_IMPLEMENTATIONS = YES;
				CLANG_WARN_DIRECT_OBJC_ISA_USAGE = YES_ERROR;
				CLANG_WARN_DOCUMENTATION_COMMENTS = YES;
				CLANG_WARN_EMPTY_BODY = YES;
				CLANG_WARN_ENUM_CONVERSION = YES;
				CLANG_WARN_INFINITE_RECURSION = YES;
				CLANG_WARN_INT_CONVERSION = YES;
				CLANG_WARN_NON_LITERAL_NULL_CONVERSION = YES;
				CLANG_WARN_OBJC_IMPLICIT_RETAIN_SELF = YES;
				CLANG_WARN_OBJC_LITERAL_CONVERSION = YES;
				CLANG_WARN_OBJC_ROOT_CLASS = YES_ERROR;
				CLANG_WARN_QUOTED_INCLUDE_IN_FRAMEWORK_HEADER = YES;
				CLANG_WARN_RANGE_LOOP_ANALYSIS = YES;
				CLANG_WARN_STRICT_PROTOTYPES = YES;
				CLANG_WARN_SUSPICIOUS_MOVE = YES;
				CLANG_WARN_UNGUARDED_AVAILABILITY = YES_AGGRESSIVE;
				CLANG_WARN_UNREACHABLE_CODE = YES;
				CLANG_WARN__DUPLICATE_METHOD_MATCH = YES;
				COPY_PHASE_STRIP = NO;
				DEBUG_INFORMATION_FORMAT = dwarf;
				ENABLE_STRICT_OBJC_MSGSEND = YES;
				ENABLE_TESTABILITY = YES;
				GCC_C_LANGUAGE_STANDARD = gnu11;
				GCC_DYNAMIC_NO_PIC = NO;
				GCC_NO_COMMON_BLOCKS = YES;
				GCC_OPTIMIZATION_LEVEL = 0;
				GCC_PREPROCESSOR_DEFINITIONS = (
					"DEBUG=1",
					"$(inherited)",
				);
				GCC_WARN_64_TO_32_BIT_CONVERSION = YES;
				GCC_WARN_ABOUT_RETURN_TYPE = YES_ERROR;
				GCC_WARN_UNDECLARED_SELECTOR = YES;
				GCC_WARN_UNINITIALIZED_AUTOS = YES_AGGRESSIVE;
				GCC_WARN_UNUSED_FUNCTION = YES;
				GCC_WARN_UNUSED_VARIABLE = YES;
				IPHONEOS_DEPLOYMENT_TARGET = 14.2;
				MTL_ENABLE_DEBUG_INFO = INCLUDE_SOURCE;
				MTL_FAST_MATH = YES;
				ONLY_ACTIVE_ARCH = YES;
				SDKROOT = iphoneos;
			};
			name = Debug;
		};
		2631C78925BA78770045DB6D /* Release */ = {
			isa = XCBuildConfiguration;
			buildSettings = {
				ALWAYS_SEARCH_USER_PATHS = NO;
				CLANG_ANALYZER_NONNULL = YES;
				CLANG_ANALYZER_NUMBER_OBJECT_CONVERSION = YES_AGGRESSIVE;
				CLANG_CXX_LANGUAGE_STANDARD = "gnu++14";
				CLANG_CXX_LIBRARY = "libc++";
				CLANG_ENABLE_MODULES = YES;
				CLANG_ENABLE_OBJC_ARC = YES;
				CLANG_ENABLE_OBJC_WEAK = YES;
				CLANG_WARN_BLOCK_CAPTURE_AUTORELEASING = YES;
				CLANG_WARN_BOOL_CONVERSION = YES;
				CLANG_WARN_COMMA = YES;
				CLANG_WARN_CONSTANT_CONVERSION = YES;
				CLANG_WARN_DEPRECATED_OBJC_IMPLEMENTATIONS = YES;
				CLANG_WARN_DIRECT_OBJC_ISA_USAGE = YES_ERROR;
				CLANG_WARN_DOCUMENTATION_COMMENTS = YES;
				CLANG_WARN_EMPTY_BODY = YES;
				CLANG_WARN_ENUM_CONVERSION = YES;
				CLANG_WARN_INFINITE_RECURSION = YES;
				CLANG_WARN_INT_CONVERSION = YES;
				CLANG_WARN_NON_LITERAL_NULL_CONVERSION = YES;
				CLANG_WARN_OBJC_IMPLICIT_RETAIN_SELF = YES;
				CLANG_WARN_OBJC_LITERAL_CONVERSION = YES;
				CLANG_WARN_OBJC_ROOT_CLASS = YES_ERROR;
				CLANG_WARN_QUOTED_INCLUDE_IN_FRAMEWORK_HEADER = YES;
				CLANG_WARN_RANGE_LOOP_ANALYSIS = YES;
				CLANG_WARN_STRICT_PROTOTYPES = YES;
				CLANG_WARN_SUSPICIOUS_MOVE = YES;
				CLANG_WARN_UNGUARDED_AVAILABILITY = YES_AGGRESSIVE;
				CLANG_WARN_UNREACHABLE_CODE = YES;
				CLANG_WARN__DUPLICATE_METHOD_MATCH = YES;
				COPY_PHASE_STRIP = NO;
				DEBUG_INFORMATION_FORMAT = "dwarf-with-dsym";
				ENABLE_NS_ASSERTIONS = NO;
				ENABLE_STRICT_OBJC_MSGSEND = YES;
				GCC_C_LANGUAGE_STANDARD = gnu11;
				GCC_NO_COMMON_BLOCKS = YES;
				GCC_WARN_64_TO_32_BIT_CONVERSION = YES;
				GCC_WARN_ABOUT_RETURN_TYPE = YES_ERROR;
				GCC_WARN_UNDECLARED_SELECTOR = YES;
				GCC_WARN_UNINITIALIZED_AUTOS = YES_AGGRESSIVE;
				GCC_WARN_UNUSED_FUNCTION = YES;
				GCC_WARN_UNUSED_VARIABLE = YES;
				IPHONEOS_DEPLOYMENT_TARGET = 14.2;
				MTL_ENABLE_DEBUG_INFO = NO;
				MTL_FAST_MATH = YES;
				SDKROOT = iphoneos;
				VALIDATE_PRODUCT = YES;
			};
			name = Release;
		};
		2631C78B25BA78770045DB6D /* Debug */ = {
			isa = XCBuildConfiguration;
			buildSettings = {
				ASSETCATALOG_COMPILER_APPICON_NAME = AppIcon;
				ASSETCATALOG_COMPILER_GLOBAL_ACCENT_COLOR_NAME = AccentColor;
				CODE_SIGN_STYLE = Automatic;
				DEVELOPMENT_TEAM = QWXF6GB4AV;
				FRAMEWORK_SEARCH_PATHS = (
					"$(inherited)",
					"$(PROJECT_DIR)",
				);
				HEADER_SEARCH_PATHS = (
					"$(PROJECT_DIR)/FBYAlipay",
					"$(PROJECT_DIR)/FBYAlipay/openssl",
				);
				INFOPLIST_FILE = FBYAlipay/Info.plist;
				IPHONEOS_DEPLOYMENT_TARGET = 11.0;
				LD_RUNPATH_SEARCH_PATHS = (
					"$(inherited)",
					"@executable_path/Frameworks",
				);
				LIBRARY_SEARCH_PATHS = (
					"$(inherited)",
					"$(PROJECT_DIR)",
				);
				PRODUCT_BUNDLE_IDENTIFIER = com.espressif.FBYAlipay;
				PRODUCT_NAME = "$(TARGET_NAME)";
				TARGETED_DEVICE_FAMILY = 1;
			};
			name = Debug;
		};
		2631C78C25BA78770045DB6D /* Release */ = {
			isa = XCBuildConfiguration;
			buildSettings = {
				ASSETCATALOG_COMPILER_APPICON_NAME = AppIcon;
				ASSETCATALOG_COMPILER_GLOBAL_ACCENT_COLOR_NAME = AccentColor;
				CODE_SIGN_STYLE = Automatic;
				DEVELOPMENT_TEAM = QWXF6GB4AV;
				FRAMEWORK_SEARCH_PATHS = (
					"$(inherited)",
					"$(PROJECT_DIR)",
				);
				HEADER_SEARCH_PATHS = (
					"$(PROJECT_DIR)/FBYAlipay",
					"$(PROJECT_DIR)/FBYAlipay/openssl",
				);
				INFOPLIST_FILE = FBYAlipay/Info.plist;
				IPHONEOS_DEPLOYMENT_TARGET = 11.0;
				LD_RUNPATH_SEARCH_PATHS = (
					"$(inherited)",
					"@executable_path/Frameworks",
				);
				LIBRARY_SEARCH_PATHS = (
					"$(inherited)",
					"$(PROJECT_DIR)",
				);
				PRODUCT_BUNDLE_IDENTIFIER = com.espressif.FBYAlipay;
				PRODUCT_NAME = "$(TARGET_NAME)";
				TARGETED_DEVICE_FAMILY = 1;
			};
			name = Release;
		};
		2631C78E25BA78770045DB6D /* Debug */ = {
			isa = XCBuildConfiguration;
			buildSettings = {
				BUNDLE_LOADER = "$(TEST_HOST)";
				CODE_SIGN_STYLE = Automatic;
				DEVELOPMENT_TEAM = QWXF6GB4AV;
				INFOPLIST_FILE = FBYAlipayTests/Info.plist;
				IPHONEOS_DEPLOYMENT_TARGET = 14.2;
				LD_RUNPATH_SEARCH_PATHS = (
					"$(inherited)",
					"@executable_path/Frameworks",
					"@loader_path/Frameworks",
				);
				PRODUCT_BUNDLE_IDENTIFIER = com.espressif.FBYAlipayTests;
				PRODUCT_NAME = "$(TARGET_NAME)";
				TARGETED_DEVICE_FAMILY = "1,2";
				TEST_HOST = "$(BUILT_PRODUCTS_DIR)/FBYAlipay.app/FBYAlipay";
			};
			name = Debug;
		};
		2631C78F25BA78770045DB6D /* Release */ = {
			isa = XCBuildConfiguration;
			buildSettings = {
				BUNDLE_LOADER = "$(TEST_HOST)";
				CODE_SIGN_STYLE = Automatic;
				DEVELOPMENT_TEAM = QWXF6GB4AV;
				INFOPLIST_FILE = FBYAlipayTests/Info.plist;
				IPHONEOS_DEPLOYMENT_TARGET = 14.2;
				LD_RUNPATH_SEARCH_PATHS = (
					"$(inherited)",
					"@executable_path/Frameworks",
					"@loader_path/Frameworks",
				);
				PRODUCT_BUNDLE_IDENTIFIER = com.espressif.FBYAlipayTests;
				PRODUCT_NAME = "$(TARGET_NAME)";
				TARGETED_DEVICE_FAMILY = "1,2";
				TEST_HOST = "$(BUILT_PRODUCTS_DIR)/FBYAlipay.app/FBYAlipay";
			};
			name = Release;
		};
		2631C79125BA78770045DB6D /* Debug */ = {
			isa = XCBuildConfiguration;
			buildSettings = {
				CODE_SIGN_STYLE = Automatic;
				DEVELOPMENT_TEAM = QWXF6GB4AV;
				INFOPLIST_FILE = FBYAlipayUITests/Info.plist;
				LD_RUNPATH_SEARCH_PATHS = (
					"$(inherited)",
					"@executable_path/Frameworks",
					"@loader_path/Frameworks",
				);
				PRODUCT_BUNDLE_IDENTIFIER = com.espressif.FBYAlipayUITests;
				PRODUCT_NAME = "$(TARGET_NAME)";
				TARGETED_DEVICE_FAMILY = "1,2";
				TEST_TARGET_NAME = FBYAlipay;
			};
			name = Debug;
		};
		2631C79225BA78770045DB6D /* Release */ = {
			isa = XCBuildConfiguration;
			buildSettings = {
				CODE_SIGN_STYLE = Automatic;
				DEVELOPMENT_TEAM = QWXF6GB4AV;
				INFOPLIST_FILE = FBYAlipayUITests/Info.plist;
				LD_RUNPATH_SEARCH_PATHS = (
					"$(inherited)",
					"@executable_path/Frameworks",
					"@loader_path/Frameworks",
				);
				PRODUCT_BUNDLE_IDENTIFIER = com.espressif.FBYAlipayUITests;
				PRODUCT_NAME = "$(TARGET_NAME)";
				TARGETED_DEVICE_FAMILY = "1,2";
				TEST_TARGET_NAME = FBYAlipay;
			};
			name = Release;
		};
/* End XCBuildConfiguration section */

/* Begin XCConfigurationList section */
		2631C75625BA78740045DB6D /* Build configuration list for PBXProject "FBYAlipay" */ = {
			isa = XCConfigurationList;
			buildConfigurations = (
				2631C78825BA78770045DB6D /* Debug */,
				2631C78925BA78770045DB6D /* Release */,
			);
			defaultConfigurationIsVisible = 0;
			defaultConfigurationName = Release;
		};
		2631C78A25BA78770045DB6D /* Build configuration list for PBXNativeTarget "FBYAlipay" */ = {
			isa = XCConfigurationList;
			buildConfigurations = (
				2631C78B25BA78770045DB6D /* Debug */,
				2631C78C25BA78770045DB6D /* Release */,
			);
			defaultConfigurationIsVisible = 0;
			defaultConfigurationName = Release;
		};
		2631C78D25BA78770045DB6D /* Build configuration list for PBXNativeTarget "FBYAlipayTests" */ = {
			isa = XCConfigurationList;
			buildConfigurations = (
				2631C78E25BA78770045DB6D /* Debug */,
				2631C78F25BA78770045DB6D /* Release */,
			);
			defaultConfigurationIsVisible = 0;
			defaultConfigurationName = Release;
		};
		2631C79025BA78770045DB6D /* Build configuration list for PBXNativeTarget "FBYAlipayUITests" */ = {
			isa = XCConfigurationList;
			buildConfigurations = (
				2631C79125BA78770045DB6D /* Debug */,
				2631C79225BA78770045DB6D /* Release */,
			);
			defaultConfigurationIsVisible = 0;
			defaultConfigurationName = Release;
		};
/* End XCConfigurationList section */
	};
	rootObject = 2631C75325BA78740045DB6D /* Project object */;
}
